{
  "name": "averyos.com-runtime",
  "version": "0.1.0",
  "private": true,
  "scripts": {
    "dev": "next dev",
    "build": "next build",
    "start": "next start",
    "build:cloudflare": "npm run capsule:build && npm run capsule:sitemap && npx @opennextjs/cloudflare build",
    "capsule:build": "node scripts/capsulePageAutoCompiler.js",
    "capsule:sitemap": "node scripts/capsuleSitemap.js",
    "deploy": "wrangler deploy"
  },
  "dependencies": {
    "next": "15.5.12",
    "react": "19.0.0",
    "react-dom": "19.0.0",
    "marked": "17.0.2"
  },
  "devDependencies": {
    "@opennextjs/cloudflare": "1.16.5",
    "@types/node": "20.14.9",
    "@types/react": "18.3.3",
    "@types/react-dom": "18.3.0",
    "typescript": "5.5.3",
    "wrangler": "4.65.0"
  }
}
